
Microsoft Visual Studio Solution File, Format Version 12.00
# Visual Studio Version 17
VisualStudioVersion = 17.5.002.0
MinimumVisualStudioVersion = 10.0.40219.1
Project("{9A19103F-16F7-4668-BE54-9A1E7A4F7556}") = "ex4-13", "ex4-13.csproj", "{B426846E-474F-424F-A770-DB442601752D}"
EndProject
Global
	GlobalSection(SolutionConfigurationPlatforms) = preSolution
		Debug|Any CPU = Debug|Any CPU
		Release|Any CPU = Release|Any CPU
	EndGlobalSection
	GlobalSection(ProjectConfigurationPlatforms) = postSolution
		{B426846E-474F-424F-A770-DB442601752D}.Debug|Any CPU.ActiveCfg = Debug|Any CPU
		{B426846E-474F-424F-A770-DB442601752D}.Debug|Any CPU.Build.0 = Debug|Any CPU
		{B426846E-474F-424F-A770-DB442601752D}.Release|Any CPU.ActiveCfg = Release|Any CPU
		{B426846E-474F-424F-A770-DB442601752D}.Release|Any CPU.Build.0 = Release|Any CPU
	EndGlobalSection
	GlobalSection(SolutionProperties) = preSolution
		HideSolutionNode = FALSE
	EndGlobalSection
	GlobalSection(ExtensibilityGlobals) = postSolution
		SolutionGuid = {1DE84554-D844-49BE-A9F9-C28DBE4A8976}
	EndGlobalSection
EndGlobal
