
Microsoft Visual Studio Solution File, Format Version 12.00
# Visual Studio Version 16
VisualStudioVersion = 16.0.35325.158
MinimumVisualStudioVersion = 10.0.40219.1
Project("{FAE04EC0-301F-11D3-BF4B-00C04F79EFBC}") = "ex3-4", "ex3-4.csproj", "{03FAE780-478A-4370-91B7-F2AED73F271A}"
EndProject
Global
	GlobalSection(SolutionConfigurationPlatforms) = preSolution
		Debug|Any CPU = Debug|Any CPU
		Release|Any CPU = Release|Any CPU
	EndGlobalSection
	GlobalSection(ProjectConfigurationPlatforms) = postSolution
		{03FAE780-478A-4370-91B7-F2AED73F271A}.Debug|Any CPU.ActiveCfg = Debug|Any CPU
		{03FAE780-478A-4370-91B7-F2AED73F271A}.Debug|Any CPU.Build.0 = Debug|Any CPU
		{03FAE780-478A-4370-91B7-F2AED73F271A}.Release|Any CPU.ActiveCfg = Release|Any CPU
		{03FAE780-478A-4370-91B7-F2AED73F271A}.Release|Any CPU.Build.0 = Release|Any CPU
	EndGlobalSection
	GlobalSection(SolutionProperties) = preSolution
		HideSolutionNode = FALSE
	EndGlobalSection
	GlobalSection(ExtensibilityGlobals) = postSolution
		SolutionGuid = {ACE79432-9CB6-4F0F-82A9-91C79F99A51B}
	EndGlobalSection
EndGlobal
