
Microsoft Visual Studio Solution File, Format Version 12.00
# Visual Studio Version 16
VisualStudioVersion = 16.0.35325.158
MinimumVisualStudioVersion = 10.0.40219.1
Project("{FAE04EC0-301F-11D3-BF4B-00C04F79EFBC}") = "ex2-3", "ex2-3.csproj", "{9915208F-54D9-481A-8C4A-93F08F51DC8D}"
EndProject
Global
	GlobalSection(SolutionConfigurationPlatforms) = preSolution
		Debug|Any CPU = Debug|Any CPU
		Release|Any CPU = Release|Any CPU
	EndGlobalSection
	GlobalSection(ProjectConfigurationPlatforms) = postSolution
		{9915208F-54D9-481A-8C4A-93F08F51DC8D}.Debug|Any CPU.ActiveCfg = Debug|Any CPU
		{9915208F-54D9-481A-8C4A-93F08F51DC8D}.Debug|Any CPU.Build.0 = Debug|Any CPU
		{9915208F-54D9-481A-8C4A-93F08F51DC8D}.Release|Any CPU.ActiveCfg = Release|Any CPU
		{9915208F-54D9-481A-8C4A-93F08F51DC8D}.Release|Any CPU.Build.0 = Release|Any CPU
	EndGlobalSection
	GlobalSection(SolutionProperties) = preSolution
		HideSolutionNode = FALSE
	EndGlobalSection
	GlobalSection(ExtensibilityGlobals) = postSolution
		SolutionGuid = {D2A870E1-80FD-4943-BBF5-F62328DE9619}
	EndGlobalSection
EndGlobal
